
Microsoft Visual Studio Solution File, Format Version 12.00
# Visual Studio Version 16
VisualStudioVersion = 16.0.31702.278
MinimumVisualStudioVersion = 10.0.40219.1
Project("{FAE04EC0-301F-11D3-BF4B-00C04F79EFBC}") = "CapasDatos", "CapasDatos\CapasDatos.csproj", "{A9A1947C-8CC6-45F1-A4C4-7DD5EF1AC284}"
EndProject
Project("{FAE04EC0-301F-11D3-BF4B-00C04F79EFBC}") = "CapaNegocio", "CapaNegocio\CapaNegocio.csproj", "{F403A140-E5BD-46E0-977A-8B2AE467C08D}"
EndProject
Project("{FAE04EC0-301F-11D3-BF4B-00C04F79EFBC}") = "CapaPresentacion", "CapaPresentacion\CapaPresentacion.csproj", "{7BFAFDA2-43DD-4D45-A232-988D0FCC3103}"
EndProject
Global
	GlobalSection(SolutionConfigurationPlatforms) = preSolution
		Debug|Any CPU = Debug|Any CPU
		Release|Any CPU = Release|Any CPU
	EndGlobalSection
	GlobalSection(ProjectConfigurationPlatforms) = postSolution
		{A9A1947C-8CC6-45F1-A4C4-7DD5EF1AC284}.Debug|Any CPU.ActiveCfg = Debug|Any CPU
		{A9A1947C-8CC6-45F1-A4C4-7DD5EF1AC284}.Debug|Any CPU.Build.0 = Debug|Any CPU
		{A9A1947C-8CC6-45F1-A4C4-7DD5EF1AC284}.Release|Any CPU.ActiveCfg = Release|Any CPU
		{A9A1947C-8CC6-45F1-A4C4-7DD5EF1AC284}.Release|Any CPU.Build.0 = Release|Any CPU
		{F403A140-E5BD-46E0-977A-8B2AE467C08D}.Debug|Any CPU.ActiveCfg = Debug|Any CPU
		{F403A140-E5BD-46E0-977A-8B2AE467C08D}.Debug|Any CPU.Build.0 = Debug|Any CPU
		{F403A140-E5BD-46E0-977A-8B2AE467C08D}.Release|Any CPU.ActiveCfg = Release|Any CPU
		{F403A140-E5BD-46E0-977A-8B2AE467C08D}.Release|Any CPU.Build.0 = Release|Any CPU
		{7BFAFDA2-43DD-4D45-A232-988D0FCC3103}.Debug|Any CPU.ActiveCfg = Debug|Any CPU
		{7BFAFDA2-43DD-4D45-A232-988D0FCC3103}.Debug|Any CPU.Build.0 = Debug|Any CPU
		{7BFAFDA2-43DD-4D45-A232-988D0FCC3103}.Release|Any CPU.ActiveCfg = Release|Any CPU
		{7BFAFDA2-43DD-4D45-A232-988D0FCC3103}.Release|Any CPU.Build.0 = Release|Any CPU
	EndGlobalSection
	GlobalSection(SolutionProperties) = preSolution
		HideSolutionNode = FALSE
	EndGlobalSection
	GlobalSection(ExtensibilityGlobals) = postSolution
		SolutionGuid = {96D0A4BA-B353-4C22-816D-308C089FCF2C}
	EndGlobalSection
EndGlobal
